PODS:
  - IQKeyboardCore (1.0.4)
  - IQKeyboardToolbar (1.0.4):
    - IQKeyboardCore (= 1.0.4)
  - IQKeyboardToolbarManager (1.0.1):
    - IQKeyboardToolbar (= 1.0.4)
    - IQTextInputViewNotification (= 1.0.3)
  - IQTextInputViewNotification (1.0.3):
    - IQKeyboardCore (= 1.0.4)
  - IQTextView (1.0.0)

DEPENDENCIES:
  - IQKeyboardToolbarManager (from `../`)
  - IQTextView

SPEC REPOS:
  trunk:
    - IQKeyboardCore
    - IQKeyboardToolbar
    - IQTextInputViewNotification
    - IQTextView

EXTERNAL SOURCES:
  IQKeyboardToolbarManager:
    :path: "../"

SPEC CHECKSUMS:
  IQKeyboardCore: 310a5386778eada46ac2a1c5645b73f5c7770d9e
  IQKeyboardToolbar: e307a637df6b2b8ca3b9ccb70961c90035ae10c1
  IQKeyboardToolbarManager: 822835cdc7503284ea01440b22bda5472c01f0ae
  IQTextInputViewNotification: 749a14372f6b4b4d6a4d59bc59cf7988894aaab7
  IQTextView: 6a7a0c8468b26ee0d08da0dca22a208af7f66fa5

PODFILE CHECKSUM: df06c5228ff1fd10ba96f0b3cb01a0ab8fb84de3

COCOAPODS: 1.15.2
