{
  "pins" : [
    {
      "identity" : "iqkeyboardcore",
      "kind" : "remoteSourceControl",
      "location" : "https://github.com/hackiftekhar/IQKeyboardCore.git",
      "state" : {
        "revision" : "11b5b79d6cded02779fd795bfec3b6c5751f66a9",
        "version" : "1.0.4"
      }
    },
    {
      "identity" : "iqkeyboardtoolbar",
      "kind" : "remoteSourceControl",
      "location" : "https://github.com/hackiftekhar/IQKeyboardToolbar.git",
      "state" : {
        "revision" : "00c5b74bc527cddb1537cd5ef6392f00c173ece1",
        "version" : "1.0.5"
      }
    },
    {
      "identity" : "iqtextinputviewnotification",
      "kind" : "remoteSourceControl",
      "location" : "https://github.com/hackiftekhar/IQTextInputViewNotification",
      "state" : {
        "revision" : "0d5ffe17d6b8b7c20d4864d6202a36faae450250",
        "version" : "1.0.5"
      }
    }
  ],
  "version" : 2
}
